
Microsoft Visual Studio Solution File, Format Version 12.00
# Visual Studio Version 16
VisualStudioVersion = 16.0.30309.148
MinimumVisualStudioVersion = 10.0.40219.1
Project("{888888A0-9F3D-457C-B088-3A5042F75D52}") = "teorver2", "teorver2\teorver2.pyproj", "{CAEDA19A-C456-442D-B088-EC364BE48EF4}"
EndProject
Global
	GlobalSection(SolutionConfigurationPlatforms) = preSolution
		Debug|Any CPU = Debug|Any CPU
		Release|Any CPU = Release|Any CPU
	EndGlobalSection
	GlobalSection(ProjectConfigurationPlatforms) = postSolution
		{CAEDA19A-C456-442D-B088-EC364BE48EF4}.Debug|Any CPU.ActiveCfg = Debug|Any CPU
		{CAEDA19A-C456-442D-B088-EC364BE48EF4}.Release|Any CPU.ActiveCfg = Release|Any CPU
	EndGlobalSection
	GlobalSection(SolutionProperties) = preSolution
		HideSolutionNode = FALSE
	EndGlobalSection
	GlobalSection(ExtensibilityGlobals) = postSolution
		SolutionGuid = {D874B224-C393-401A-956D-70A50A32BF04}
	EndGlobalSection
EndGlobal
